
Microsoft Visual Studio Solution File, Format Version 12.00
# Visual Studio Version 17
VisualStudioVersion = 17.5.33414.496
MinimumVisualStudioVersion = 10.0.40219.1
Project("{9A19103F-16F7-4668-BE54-9A1E7A4F7556}") = "Send", "Send.csproj", "{417A8AE0-40C7-4AD1-81A5-400463D3F099}"
EndProject
Global
	GlobalSection(SolutionConfigurationPlatforms) = preSolution
		Debug|Any CPU = Debug|Any CPU
		Release|Any CPU = Release|Any CPU
	EndGlobalSection
	GlobalSection(ProjectConfigurationPlatforms) = postSolution
		{417A8AE0-40C7-4AD1-81A5-400463D3F099}.Debug|Any CPU.ActiveCfg = Debug|Any CPU
		{417A8AE0-40C7-4AD1-81A5-400463D3F099}.Debug|Any CPU.Build.0 = Debug|Any CPU
		{417A8AE0-40C7-4AD1-81A5-400463D3F099}.Release|Any CPU.ActiveCfg = Release|Any CPU
		{417A8AE0-40C7-4AD1-81A5-400463D3F099}.Release|Any CPU.Build.0 = Release|Any CPU
	EndGlobalSection
	GlobalSection(SolutionProperties) = preSolution
		HideSolutionNode = FALSE
	EndGlobalSection
	GlobalSection(ExtensibilityGlobals) = postSolution
		SolutionGuid = {669F6DC8-CA75-4094-8AE6-FE1E464E349F}
	EndGlobalSection
EndGlobal
